
Microsoft Visual Studio Solution File, Format Version 12.00
# Visual Studio Version 17
VisualStudioVersion = 17.7.34302.85
MinimumVisualStudioVersion = 10.0.40219.1
Project("{FAE04EC0-301F-11D3-BF4B-00C04F79EFBC}") = "CodeSnippets", "CodeSnippets\CodeSnippets.csproj", "{B74D9352-FEC0-49D1-899B-011AB217C02F}"
EndProject
Global
	GlobalSection(SolutionConfigurationPlatforms) = preSolution
		Debug|Any CPU = Debug|Any CPU
		Debug|arm64 = Debug|arm64
		Debug|x86 = Debug|x86
		Release|Any CPU = Release|Any CPU
		Release|arm64 = Release|arm64
		Release|x86 = Release|x86
	EndGlobalSection
	GlobalSection(ProjectConfigurationPlatforms) = postSolution
		{B74D9352-FEC0-49D1-899B-011AB217C02F}.Debug|Any CPU.ActiveCfg = Debug|Any CPU
		{B74D9352-FEC0-49D1-899B-011AB217C02F}.Debug|Any CPU.Build.0 = Debug|Any CPU
		{B74D9352-FEC0-49D1-899B-011AB217C02F}.Debug|arm64.ActiveCfg = Debug|arm64
		{B74D9352-FEC0-49D1-899B-011AB217C02F}.Debug|arm64.Build.0 = Debug|arm64
		{B74D9352-FEC0-49D1-899B-011AB217C02F}.Debug|x86.ActiveCfg = Debug|x86
		{B74D9352-FEC0-49D1-899B-011AB217C02F}.Debug|x86.Build.0 = Debug|x86
		{B74D9352-FEC0-49D1-899B-011AB217C02F}.Release|Any CPU.ActiveCfg = Release|Any CPU
		{B74D9352-FEC0-49D1-899B-011AB217C02F}.Release|Any CPU.Build.0 = Release|Any CPU
		{B74D9352-FEC0-49D1-899B-011AB217C02F}.Release|arm64.ActiveCfg = Release|arm64
		{B74D9352-FEC0-49D1-899B-011AB217C02F}.Release|arm64.Build.0 = Release|arm64
		{B74D9352-FEC0-49D1-899B-011AB217C02F}.Release|x86.ActiveCfg = Release|x86
		{B74D9352-FEC0-49D1-899B-011AB217C02F}.Release|x86.Build.0 = Release|x86
	EndGlobalSection
	GlobalSection(SolutionProperties) = preSolution
		HideSolutionNode = FALSE
	EndGlobalSection
	GlobalSection(ExtensibilityGlobals) = postSolution
		SolutionGuid = {E2DA9194-FC2F-43FD-B4F4-1BFA47DE964F}
	EndGlobalSection
EndGlobal
